
Microsoft Visual Studio Solution File, Format Version 12.00
# Visual Studio Version 16
VisualStudioVersion = 16.0.810.16
MinimumVisualStudioVersion = 10.0.40219.1
Project("{FAE04EC0-301F-11D3-BF4B-00C04F79EFBC}") = "PokemonAPI", "PokemonAPI\PokemonAPI.csproj", "{79EAC945-1022-41FC-B98E-AE1EAE52BD20}"
EndProject
Global
	GlobalSection(SolutionConfigurationPlatforms) = preSolution
		Debug|Any CPU = Debug|Any CPU
		Release|Any CPU = Release|Any CPU
	EndGlobalSection
	GlobalSection(ProjectConfigurationPlatforms) = postSolution
		{79EAC945-1022-41FC-B98E-AE1EAE52BD20}.Debug|Any CPU.ActiveCfg = Debug|Any CPU
		{79EAC945-1022-41FC-B98E-AE1EAE52BD20}.Debug|Any CPU.Build.0 = Debug|Any CPU
		{79EAC945-1022-41FC-B98E-AE1EAE52BD20}.Release|Any CPU.ActiveCfg = Release|Any CPU
		{79EAC945-1022-41FC-B98E-AE1EAE52BD20}.Release|Any CPU.Build.0 = Release|Any CPU
	EndGlobalSection
	GlobalSection(SolutionProperties) = preSolution
		HideSolutionNode = FALSE
	EndGlobalSection
	GlobalSection(ExtensibilityGlobals) = postSolution
		SolutionGuid = {03751169-5C00-4DC0-BF1B-E193373E5B43}
	EndGlobalSection
EndGlobal
